<Solution>
  <Project Path="BiggestSubstringPalindromeFinder.PerformanceTests/BiggestSubstringPalindromeFinder.PerformanceTests.csproj" />
  <Project Path="BiggestSubstringPalindromeFinder.Tests/BiggestSubstringPalindromeFinder.Tests.csproj" />
  <Project Path="BiggestSubstringPalindromeFinder/BiggestSubstringPalindromeFinder.csproj" />
</Solution>
